// !$*UTF8*$!
{
	archiveVersion = 1;
	classes = {
	};
	objectVersion = 55;
	objects = {

/* Begin PBXBuildFile section */
		9134934E28D618730085E9F5 /* ViewRouter.swift in Sources */ = {isa = PBXBuildFile; fileRef = 9134934D28D618730085E9F5 /* ViewRouter.swift */; };
		9134935028D61A870085E9F5 /* MotherView.swift in Sources */ = {isa = PBXBuildFile; fileRef = 9134934F28D61A870085E9F5 /* MotherView.swift */; };
		9134935228D61B1D0085E9F5 /* GetStarted.swift in Sources */ = {isa = PBXBuildFile; fileRef = 9134935128D61B1D0085E9F5 /* GetStarted.swift */; };
		9134935528D625790085E9F5 /* hk-grotesk in Resources */ = {isa = PBXBuildFile; fileRef = 9134935428D625790085E9F5 /* hk-grotesk */; };
		913493D728D6A6940085E9F5 /* Login.swift in Sources */ = {isa = PBXBuildFile; fileRef = 913493D628D6A6940085E9F5 /* Login.swift */; };
		913493D928D6A69B0085E9F5 /* SignUp.swift in Sources */ = {isa = PBXBuildFile; fileRef = 913493D828D6A69B0085E9F5 /* SignUp.swift */; };
		913493DB28D6A8C00085E9F5 /* Main.swift in Sources */ = {isa = PBXBuildFile; fileRef = 913493DA28D6A8C00085E9F5 /* Main.swift */; };
		913493DF28D6AB2B0085E9F5 /* Card.swift in Sources */ = {isa = PBXBuildFile; fileRef = 913493DE28D6AB2B0085E9F5 /* Card.swift */; };
		913493E428D6EF230085E9F5 /* FirebaseAuth in Frameworks */ = {isa = PBXBuildFile; productRef = 913493E328D6EF230085E9F5 /* FirebaseAuth */; };
		913493E628D6EF230085E9F5 /* FirebaseAuthCombine-Community in Frameworks */ = {isa = PBXBuildFile; productRef = 913493E528D6EF230085E9F5 /* FirebaseAuthCombine-Community */; };
		913493E828D6EF230085E9F5 /* FirebaseDatabase in Frameworks */ = {isa = PBXBuildFile; productRef = 913493E728D6EF230085E9F5 /* FirebaseDatabase */; };
		913493EA28D6EF230085E9F5 /* FirebaseDatabaseSwift in Frameworks */ = {isa = PBXBuildFile; productRef = 913493E928D6EF230085E9F5 /* FirebaseDatabaseSwift */; };
		913493EC28D6EF230085E9F5 /* FirebaseFirestore in Frameworks */ = {isa = PBXBuildFile; productRef = 913493EB28D6EF230085E9F5 /* FirebaseFirestore */; };
		913493EE28D6EF230085E9F5 /* FirebaseFirestoreCombine-Community in Frameworks */ = {isa = PBXBuildFile; productRef = 913493ED28D6EF230085E9F5 /* FirebaseFirestoreCombine-Community */; };
		913493F028D6EF230085E9F5 /* FirebaseFirestoreSwift in Frameworks */ = {isa = PBXBuildFile; productRef = 913493EF28D6EF230085E9F5 /* FirebaseFirestoreSwift */; };
		913493F228D6F7060085E9F5 /* GoogleService-Info.plist in Resources */ = {isa = PBXBuildFile; fileRef = 913493F128D6F7060085E9F5 /* GoogleService-Info.plist */; };
		913493F428D700FC0085E9F5 /* User.swift in Sources */ = {isa = PBXBuildFile; fileRef = 913493F328D700FC0085E9F5 /* User.swift */; };
		913493F628D7020B0085E9F5 /* userInformation.swift in Sources */ = {isa = PBXBuildFile; fileRef = 913493F528D7020B0085E9F5 /* userInformation.swift */; };
		913493F828D709140085E9F5 /* userInformationModel.swift in Sources */ = {isa = PBXBuildFile; fileRef = 913493F728D709140085E9F5 /* userInformationModel.swift */; };
		913493FA28D7171C0085E9F5 /* Preferences.swift in Sources */ = {isa = PBXBuildFile; fileRef = 913493F928D7171C0085E9F5 /* Preferences.swift */; };
		913493FC28D71B2F0085E9F5 /* cardInformationModel.swift in Sources */ = {isa = PBXBuildFile; fileRef = 913493FB28D71B2F0085E9F5 /* cardInformationModel.swift */; };
		913493FE28D734D40085E9F5 /* finalSuggestion.swift in Sources */ = {isa = PBXBuildFile; fileRef = 913493FD28D734D40085E9F5 /* finalSuggestion.swift */; };
		9169B59628D601F00099D849 /* TravlrApp.swift in Sources */ = {isa = PBXBuildFile; fileRef = 9169B59528D601F00099D849 /* TravlrApp.swift */; };
		9169B59A28D601F40099D849 /* Assets.xcassets in Resources */ = {isa = PBXBuildFile; fileRef = 9169B59928D601F40099D849 /* Assets.xcassets */; };
		9169B59D28D601F40099D849 /* Preview Assets.xcassets in Resources */ = {isa = PBXBuildFile; fileRef = 9169B59C28D601F40099D849 /* Preview Assets.xcassets */; };
		9169B5A728D601F40099D849 /* TravlrTests.swift in Sources */ = {isa = PBXBuildFile; fileRef = 9169B5A628D601F40099D849 /* TravlrTests.swift */; };
		9169B5B128D601F40099D849 /* TravlrUITests.swift in Sources */ = {isa = PBXBuildFile; fileRef = 9169B5B028D601F40099D849 /* TravlrUITests.swift */; };
		9169B5B328D601F40099D849 /* TravlrUITestsLaunchTests.swift in Sources */ = {isa = PBXBuildFile; fileRef = 9169B5B228D601F40099D849 /* TravlrUITestsLaunchTests.swift */; };
/* End PBXBuildFile section */

/* Begin PBXContainerItemProxy section */
		9169B5A328D601F40099D849 /* PBXContainerItemProxy */ = {
			isa = PBXContainerItemProxy;
			containerPortal = 9169B58A28D601F00099D849 /* Project object */;
			proxyType = 1;
			remoteGlobalIDString = 9169B59128D601F00099D849;
			remoteInfo = Travlr;
		};
		9169B5AD28D601F40099D849 /* PBXContainerItemProxy */ = {
			isa = PBXContainerItemProxy;
			containerPortal = 9169B58A28D601F00099D849 /* Project object */;
			proxyType = 1;
			remoteGlobalIDString = 9169B59128D601F00099D849;
			remoteInfo = Travlr;
		};
/* End PBXContainerItemProxy section */

/* Begin PBXFileReference section */
		9134934D28D618730085E9F5 /* ViewRouter.swift */ = {isa = PBXFileReference; lastKnownFileType = sourcecode.swift; path = ViewRouter.swift; sourceTree = "<group>"; };
		9134934F28D61A870085E9F5 /* MotherView.swift */ = {isa = PBXFileReference; lastKnownFileType = sourcecode.swift; path = MotherView.swift; sourceTree = "<group>"; };
		9134935128D61B1D0085E9F5 /* GetStarted.swift */ = {isa = PBXFileReference; lastKnownFileType = sourcecode.swift; path = GetStarted.swift; sourceTree = "<group>"; };
		9134935328D6244A0085E9F5 /* Info.plist */ = {isa = PBXFileReference; lastKnownFileType = text.plist; path = Info.plist; sourceTree = "<group>"; };
		9134935428D625790085E9F5 /* hk-grotesk */ = {isa = PBXFileReference; lastKnownFileType = folder; path = "hk-grotesk"; sourceTree = "<group>"; };
		913493D628D6A6940085E9F5 /* Login.swift */ = {isa = PBXFileReference; lastKnownFileType = sourcecode.swift; path = Login.swift; sourceTree = "<group>"; };
		913493D828D6A69B0085E9F5 /* SignUp.swift */ = {isa = PBXFileReference; lastKnownFileType = sourcecode.swift; path = SignUp.swift; sourceTree = "<group>"; };
		913493DA28D6A8C00085E9F5 /* Main.swift */ = {isa = PBXFileReference; lastKnownFileType = sourcecode.swift; path = Main.swift; sourceTree = "<group>"; };
		913493DE28D6AB2B0085E9F5 /* Card.swift */ = {isa = PBXFileReference; lastKnownFileType = sourcecode.swift; path = Card.swift; sourceTree = "<group>"; };
		913493F128D6F7060085E9F5 /* GoogleService-Info.plist */ = {isa = PBXFileReference; fileEncoding = 4; lastKnownFileType = text.plist.xml; path = "GoogleService-Info.plist"; sourceTree = "<group>"; };
		913493F328D700FC0085E9F5 /* User.swift */ = {isa = PBXFileReference; lastKnownFileType = sourcecode.swift; path = User.swift; sourceTree = "<group>"; };
		913493F528D7020B0085E9F5 /* userInformation.swift */ = {isa = PBXFileReference; lastKnownFileType = sourcecode.swift; path = userInformation.swift; sourceTree = "<group>"; };
		913493F728D709140085E9F5 /* userInformationModel.swift */ = {isa = PBXFileReference; lastKnownFileType = sourcecode.swift; path = userInformationModel.swift; sourceTree = "<group>"; };
		913493F928D7171C0085E9F5 /* Preferences.swift */ = {isa = PBXFileReference; lastKnownFileType = sourcecode.swift; path = Preferences.swift; sourceTree = "<group>"; };
		913493FB28D71B2F0085E9F5 /* cardInformationModel.swift */ = {isa = PBXFileReference; lastKnownFileType = sourcecode.swift; path = cardInformationModel.swift; sourceTree = "<group>"; };
		913493FD28D734D40085E9F5 /* finalSuggestion.swift */ = {isa = PBXFileReference; lastKnownFileType = sourcecode.swift; path = finalSuggestion.swift; sourceTree = "<group>"; };
		9169B59228D601F00099D849 /* Travlr.app */ = {isa = PBXFileReference; explicitFileType = wrapper.application; includeInIndex = 0; path = Travlr.app; sourceTree = BUILT_PRODUCTS_DIR; };
		9169B59528D601F00099D849 /* TravlrApp.swift */ = {isa = PBXFileReference; lastKnownFileType = sourcecode.swift; path = TravlrApp.swift; sourceTree = "<group>"; };
		9169B59928D601F40099D849 /* Assets.xcassets */ = {isa = PBXFileReference; lastKnownFileType = folder.assetcatalog; path = Assets.xcassets; sourceTree = "<group>"; };
		9169B59C28D601F40099D849 /* Preview Assets.xcassets */ = {isa = PBXFileReference; lastKnownFileType = folder.assetcatalog; path = "Preview Assets.xcassets"; sourceTree = "<group>"; };
		9169B5A228D601F40099D849 /* TravlrTests.xctest */ = {isa = PBXFileReference; explicitFileType = wrapper.cfbundle; includeInIndex = 0; path = TravlrTests.xctest; sourceTree = BUILT_PRODUCTS_DIR; };
		9169B5A628D601F40099D849 /* TravlrTests.swift */ = {isa = PBXFileReference; lastKnownFileType = sourcecode.swift; path = TravlrTests.swift; sourceTree = "<group>"; };
		9169B5AC28D601F40099D849 /* TravlrUITests.xctest */ = {isa = PBXFileReference; explicitFileType = wrapper.cfbundle; includeInIndex = 0; path = TravlrUITests.xctest; sourceTree = BUILT_PRODUCTS_DIR; };
		9169B5B028D601F40099D849 /* TravlrUITests.swift */ = {isa = PBXFileReference; lastKnownFileType = sourcecode.swift; path = TravlrUITests.swift; sourceTree = "<group>"; };
		9169B5B228D601F40099D849 /* TravlrUITestsLaunchTests.swift */ = {isa = PBXFileReference; lastKnownFileType = sourcecode.swift; path = TravlrUITestsLaunchTests.swift; sourceTree = "<group>"; };
/* End PBXFileReference section */

/* Begin PBXFrameworksBuildPhase section */
		9169B58F28D601F00099D849 /* Frameworks */ = {
			isa = PBXFrameworksBuildPhase;
			buildActionMask = 2147483647;
			files = (
				913493EA28D6EF230085E9F5 /* FirebaseDatabaseSwift in Frameworks */,
				913493E828D6EF230085E9F5 /* FirebaseDatabase in Frameworks */,
				913493E428D6EF230085E9F5 /* FirebaseAuth in Frameworks */,
				913493F028D6EF230085E9F5 /* FirebaseFirestoreSwift in Frameworks */,
				913493EE28D6EF230085E9F5 /* FirebaseFirestoreCombine-Community in Frameworks */,
				913493EC28D6EF230085E9F5 /* FirebaseFirestore in Frameworks */,
				913493E628D6EF230085E9F5 /* FirebaseAuthCombine-Community in Frameworks */,
			);
			runOnlyForDeploymentPostprocessing = 0;
		};
		9169B59F28D601F40099D849 /* Frameworks */ = {
			isa = PBXFrameworksBuildPhase;
			buildActionMask = 2147483647;
			files = (
			);
			runOnlyForDeploymentPostprocessing = 0;
		};
		9169B5A928D601F40099D849 /* Frameworks */ = {
			isa = PBXFrameworksBuildPhase;
			buildActionMask = 2147483647;
			files = (
			);
			runOnlyForDeploymentPostprocessing = 0;
		};
/* End PBXFrameworksBuildPhase section */

/* Begin PBXGroup section */
		9169B58928D601F00099D849 = {
			isa = PBXGroup;
			children = (
				9169B59428D601F00099D849 /* Travlr */,
				9169B5A528D601F40099D849 /* TravlrTests */,
				9169B5AF28D601F40099D849 /* TravlrUITests */,
				9169B59328D601F00099D849 /* Products */,
			);
			sourceTree = "<group>";
		};
		9169B59328D601F00099D849 /* Products */ = {
			isa = PBXGroup;
			children = (
				9169B59228D601F00099D849 /* Travlr.app */,
				9169B5A228D601F40099D849 /* TravlrTests.xctest */,
				9169B5AC28D601F40099D849 /* TravlrUITests.xctest */,
			);
			name = Products;
			sourceTree = "<group>";
		};
		9169B59428D601F00099D849 /* Travlr */ = {
			isa = PBXGroup;
			children = (
				9134935328D6244A0085E9F5 /* Info.plist */,
				913493F128D6F7060085E9F5 /* GoogleService-Info.plist */,
				9134935428D625790085E9F5 /* hk-grotesk */,
				9169B59528D601F00099D849 /* TravlrApp.swift */,
				9134934F28D61A870085E9F5 /* MotherView.swift */,
				9134935128D61B1D0085E9F5 /* GetStarted.swift */,
				913493D628D6A6940085E9F5 /* Login.swift */,
				913493D828D6A69B0085E9F5 /* SignUp.swift */,
				913493F928D7171C0085E9F5 /* Preferences.swift */,
				913493F528D7020B0085E9F5 /* userInformation.swift */,
				913493F728D709140085E9F5 /* userInformationModel.swift */,
				913493FB28D71B2F0085E9F5 /* cardInformationModel.swift */,
				9134934D28D618730085E9F5 /* ViewRouter.swift */,
				913493DA28D6A8C00085E9F5 /* Main.swift */,
				913493DE28D6AB2B0085E9F5 /* Card.swift */,
				913493FD28D734D40085E9F5 /* finalSuggestion.swift */,
				913493F328D700FC0085E9F5 /* User.swift */,
				9169B59928D601F40099D849 /* Assets.xcassets */,
				9169B59B28D601F40099D849 /* Preview Content */,
			);
			path = Travlr;
			sourceTree = "<group>";
		};
		9169B59B28D601F40099D849 /* Preview Content */ = {
			isa = PBXGroup;
			children = (
				9169B59C28D601F40099D849 /* Preview Assets.xcassets */,
			);
			path = "Preview Content";
			sourceTree = "<group>";
		};
		9169B5A528D601F40099D849 /* TravlrTests */ = {
			isa = PBXGroup;
			children = (
				9169B5A628D601F40099D849 /* TravlrTests.swift */,
			);
			path = TravlrTests;
			sourceTree = "<group>";
		};
		9169B5AF28D601F40099D849 /* TravlrUITests */ = {
			isa = PBXGroup;
			children = (
				9169B5B028D601F40099D849 /* TravlrUITests.swift */,
				9169B5B228D601F40099D849 /* TravlrUITestsLaunchTests.swift */,
			);
			path = TravlrUITests;
			sourceTree = "<group>";
		};
/* End PBXGroup section */

/* Begin PBXNativeTarget section */
		9169B59128D601F00099D849 /* Travlr */ = {
			isa = PBXNativeTarget;
			buildConfigurationList = 9169B5B628D601F40099D849 /* Build configuration list for PBXNativeTarget "Travlr" */;
			buildPhases = (
				9169B58E28D601F00099D849 /* Sources */,
				9169B58F28D601F00099D849 /* Frameworks */,
				9169B59028D601F00099D849 /* Resources */,
			);
			buildRules = (
			);
			dependencies = (
			);
			name = Travlr;
			packageProductDependencies = (
				913493E328D6EF230085E9F5 /* FirebaseAuth */,
				913493E528D6EF230085E9F5 /* FirebaseAuthCombine-Community */,
				913493E728D6EF230085E9F5 /* FirebaseDatabase */,
				913493E928D6EF230085E9F5 /* FirebaseDatabaseSwift */,
				913493EB28D6EF230085E9F5 /* FirebaseFirestore */,
				913493ED28D6EF230085E9F5 /* FirebaseFirestoreCombine-Community */,
				913493EF28D6EF230085E9F5 /* FirebaseFirestoreSwift */,
			);
			productName = Travlr;
			productReference = 9169B59228D601F00099D849 /* Travlr.app */;
			productType = "com.apple.product-type.application";
		};
		9169B5A128D601F40099D849 /* TravlrTests */ = {
			isa = PBXNativeTarget;
			buildConfigurationList = 9169B5B928D601F40099D849 /* Build configuration list for PBXNativeTarget "TravlrTests" */;
			buildPhases = (
				9169B59E28D601F40099D849 /* Sources */,
				9169B59F28D601F40099D849 /* Frameworks */,
				9169B5A028D601F40099D849 /* Resources */,
			);
			buildRules = (
			);
			dependencies = (
				9169B5A428D601F40099D849 /* PBXTargetDependency */,
			);
			name = TravlrTests;
			productName = TravlrTests;
			productReference = 9169B5A228D601F40099D849 /* TravlrTests.xctest */;
			productType = "com.apple.product-type.bundle.unit-test";
		};
		9169B5AB28D601F40099D849 /* TravlrUITests */ = {
			isa = PBXNativeTarget;
			buildConfigurationList = 9169B5BC28D601F40099D849 /* Build configuration list for PBXNativeTarget "TravlrUITests" */;
			buildPhases = (
				9169B5A828D601F40099D849 /* Sources */,
				9169B5A928D601F40099D849 /* Frameworks */,
				9169B5AA28D601F40099D849 /* Resources */,
			);
			buildRules = (
			);
			dependencies = (
				9169B5AE28D601F40099D849 /* PBXTargetDependency */,
			);
			name = TravlrUITests;
			productName = TravlrUITests;
			productReference = 9169B5AC28D601F40099D849 /* TravlrUITests.xctest */;
			productType = "com.apple.product-type.bundle.ui-testing";
		};
/* End PBXNativeTarget section */

/* Begin PBXProject section */
		9169B58A28D601F00099D849 /* Project object */ = {
			isa = PBXProject;
			attributes = {
				BuildIndependentTargetsInParallel = 1;
				LastSwiftUpdateCheck = 1340;
				LastUpgradeCheck = 1340;
				TargetAttributes = {
					9169B59128D601F00099D849 = {
						CreatedOnToolsVersion = 13.4.1;
					};
					9169B5A128D601F40099D849 = {
						CreatedOnToolsVersion = 13.4.1;
						TestTargetID = 9169B59128D601F00099D849;
					};
					9169B5AB28D601F40099D849 = {
						CreatedOnToolsVersion = 13.4.1;
						TestTargetID = 9169B59128D601F00099D849;
					};
				};
			};
			buildConfigurationList = 9169B58D28D601F00099D849 /* Build configuration list for PBXProject "Travlr" */;
			compatibilityVersion = "Xcode 13.0";
			developmentRegion = en;
			hasScannedForEncodings = 0;
			knownRegions = (
				en,
				Base,
			);
			mainGroup = 9169B58928D601F00099D849;
			packageReferences = (
				913493E228D6EF230085E9F5 /* XCRemoteSwiftPackageReference "firebase-ios-sdk" */,
			);
			productRefGroup = 9169B59328D601F00099D849 /* Products */;
			projectDirPath = "";
			projectRoot = "";
			targets = (
				9169B59128D601F00099D849 /* Travlr */,
				9169B5A128D601F40099D849 /* TravlrTests */,
				9169B5AB28D601F40099D849 /* TravlrUITests */,
			);
		};
/* End PBXProject section */

/* Begin PBXResourcesBuildPhase section */
		9169B59028D601F00099D849 /* Resources */ = {
			isa = PBXResourcesBuildPhase;
			buildActionMask = 2147483647;
			files = (
				9134935528D625790085E9F5 /* hk-grotesk in Resources */,
				9169B59D28D601F40099D849 /* Preview Assets.xcassets in Resources */,
				913493F228D6F7060085E9F5 /* GoogleService-Info.plist in Resources */,
				9169B59A28D601F40099D849 /* Assets.xcassets in Resources */,
			);
			runOnlyForDeploymentPostprocessing = 0;
		};
		9169B5A028D601F40099D849 /* Resources */ = {
			isa = PBXResourcesBuildPhase;
			buildActionMask = 2147483647;
			files = (
			);
			runOnlyForDeploymentPostprocessing = 0;
		};
		9169B5AA28D601F40099D849 /* Resources */ = {
			isa = PBXResourcesBuildPhase;
			buildActionMask = 2147483647;
			files = (
			);
			runOnlyForDeploymentPostprocessing = 0;
		};
/* End PBXResourcesBuildPhase section */

/* Begin PBXSourcesBuildPhase section */
		9169B58E28D601F00099D849 /* Sources */ = {
			isa = PBXSourcesBuildPhase;
			buildActionMask = 2147483647;
			files = (
				913493D928D6A69B0085E9F5 /* SignUp.swift in Sources */,
				9134934E28D618730085E9F5 /* ViewRouter.swift in Sources */,
				913493FA28D7171C0085E9F5 /* Preferences.swift in Sources */,
				9134935028D61A870085E9F5 /* MotherView.swift in Sources */,
				913493F628D7020B0085E9F5 /* userInformation.swift in Sources */,
				913493D728D6A6940085E9F5 /* Login.swift in Sources */,
				9134935228D61B1D0085E9F5 /* GetStarted.swift in Sources */,
				913493F428D700FC0085E9F5 /* User.swift in Sources */,
				913493DB28D6A8C00085E9F5 /* Main.swift in Sources */,
				9169B59628D601F00099D849 /* TravlrApp.swift in Sources */,
				913493DF28D6AB2B0085E9F5 /* Card.swift in Sources */,
				913493F828D709140085E9F5 /* userInformationModel.swift in Sources */,
				913493FE28D734D40085E9F5 /* finalSuggestion.swift in Sources */,
				913493FC28D71B2F0085E9F5 /* cardInformationModel.swift in Sources */,
			);
			runOnlyForDeploymentPostprocessing = 0;
		};
		9169B59E28D601F40099D849 /* Sources */ = {
			isa = PBXSourcesBuildPhase;
			buildActionMask = 2147483647;
			files = (
				9169B5A728D601F40099D849 /* TravlrTests.swift in Sources */,
			);
			runOnlyForDeploymentPostprocessing = 0;
		};
		9169B5A828D601F40099D849 /* Sources */ = {
			isa = PBXSourcesBuildPhase;
			buildActionMask = 2147483647;
			files = (
				9169B5B128D601F40099D849 /* TravlrUITests.swift in Sources */,
				9169B5B328D601F40099D849 /* TravlrUITestsLaunchTests.swift in Sources */,
			);
			runOnlyForDeploymentPostprocessing = 0;
		};
/* End PBXSourcesBuildPhase section */

/* Begin PBXTargetDependency section */
		9169B5A428D601F40099D849 /* PBXTargetDependency */ = {
			isa = PBXTargetDependency;
			target = 9169B59128D601F00099D849 /* Travlr */;
			targetProxy = 9169B5A328D601F40099D849 /* PBXContainerItemProxy */;
		};
		9169B5AE28D601F40099D849 /* PBXTargetDependency */ = {
			isa = PBXTargetDependency;
			target = 9169B59128D601F00099D849 /* Travlr */;
			targetProxy = 9169B5AD28D601F40099D849 /* PBXContainerItemProxy */;
		};
/* End PBXTargetDependency section */

/* Begin XCBuildConfiguration section */
		9169B5B428D601F40099D849 /* Debug */ = {
			isa = XCBuildConfiguration;
			buildSettings = {
				ALWAYS_SEARCH_USER_PATHS = NO;
				CLANG_ANALYZER_NONNULL = YES;
				CLANG_ANALYZER_NUMBER_OBJECT_CONVERSION = YES_AGGRESSIVE;
				CLANG_CXX_LANGUAGE_STANDARD = "gnu++17";
				CLANG_ENABLE_MODULES = YES;
				CLANG_ENABLE_OBJC_ARC = YES;
				CLANG_ENABLE_OBJC_WEAK = YES;
				CLANG_WARN_BLOCK_CAPTURE_AUTORELEASING = YES;
				CLANG_WARN_BOOL_CONVERSION = YES;
				CLANG_WARN_COMMA = YES;
				CLANG_WARN_CONSTANT_CONVERSION = YES;
				CLANG_WARN_DEPRECATED_OBJC_IMPLEMENTATIONS = YES;
				CLANG_WARN_DIRECT_OBJC_ISA_USAGE = YES_ERROR;
				CLANG_WARN_DOCUMENTATION_COMMENTS = YES;
				CLANG_WARN_EMPTY_BODY = YES;
				CLANG_WARN_ENUM_CONVERSION = YES;
				CLANG_WARN_INFINITE_RECURSION = YES;
				CLANG_WARN_INT_CONVERSION = YES;
				CLANG_WARN_NON_LITERAL_NULL_CONVERSION = YES;
				CLANG_WARN_OBJC_IMPLICIT_RETAIN_SELF = YES;
				CLANG_WARN_OBJC_LITERAL_CONVERSION = YES;
				CLANG_WARN_OBJC_ROOT_CLASS = YES_ERROR;
				CLANG_WARN_QUOTED_INCLUDE_IN_FRAMEWORK_HEADER = YES;
				CLANG_WARN_RANGE_LOOP_ANALYSIS = YES;
				CLANG_WARN_STRICT_PROTOTYPES = YES;
				CLANG_WARN_SUSPICIOUS_MOVE = YES;
				CLANG_WARN_UNGUARDED_AVAILABILITY = YES_AGGRESSIVE;
				CLANG_WARN_UNREACHABLE_CODE = YES;
				CLANG_WARN__DUPLICATE_METHOD_MATCH = YES;
				COPY_PHASE_STRIP = NO;
				DEBUG_INFORMATION_FORMAT = dwarf;
				ENABLE_STRICT_OBJC_MSGSEND = YES;
				ENABLE_TESTABILITY = YES;
				GCC_C_LANGUAGE_STANDARD = gnu11;
				GCC_DYNAMIC_NO_PIC = NO;
				GCC_NO_COMMON_BLOCKS = YES;
				GCC_OPTIMIZATION_LEVEL = 0;
				GCC_PREPROCESSOR_DEFINITIONS = (
					"DEBUG=1",
					"$(inherited)",
				);
				GCC_WARN_64_TO_32_BIT_CONVERSION = YES;
				GCC_WARN_ABOUT_RETURN_TYPE = YES_ERROR;
				GCC_WARN_UNDECLARED_SELECTOR = YES;
				GCC_WARN_UNINITIALIZED_AUTOS = YES_AGGRESSIVE;
				GCC_WARN_UNUSED_FUNCTION = YES;
				GCC_WARN_UNUSED_VARIABLE = YES;
				IPHONEOS_DEPLOYMENT_TARGET = 15.5;
				MTL_ENABLE_DEBUG_INFO = INCLUDE_SOURCE;
				MTL_FAST_MATH = YES;
				ONLY_ACTIVE_ARCH = YES;
				SDKROOT = iphoneos;
				SWIFT_ACTIVE_COMPILATION_CONDITIONS = DEBUG;
				SWIFT_OPTIMIZATION_LEVEL = "-Onone";
			};
			name = Debug;
		};
		9169B5B528D601F40099D849 /* Release */ = {
			isa = XCBuildConfiguration;
			buildSettings = {
				ALWAYS_SEARCH_USER_PATHS = NO;
				CLANG_ANALYZER_NONNULL = YES;
				CLANG_ANALYZER_NUMBER_OBJECT_CONVERSION = YES_AGGRESSIVE;
				CLANG_CXX_LANGUAGE_STANDARD = "gnu++17";
				CLANG_ENABLE_MODULES = YES;
				CLANG_ENABLE_OBJC_ARC = YES;
				CLANG_ENABLE_OBJC_WEAK = YES;
				CLANG_WARN_BLOCK_CAPTURE_AUTORELEASING = YES;
				CLANG_WARN_BOOL_CONVERSION = YES;
				CLANG_WARN_COMMA = YES;
				CLANG_WARN_CONSTANT_CONVERSION = YES;
				CLANG_WARN_DEPRECATED_OBJC_IMPLEMENTATIONS = YES;
				CLANG_WARN_DIRECT_OBJC_ISA_USAGE = YES_ERROR;
				CLANG_WARN_DOCUMENTATION_COMMENTS = YES;
				CLANG_WARN_EMPTY_BODY = YES;
				CLANG_WARN_ENUM_CONVERSION = YES;
				CLANG_WARN_INFINITE_RECURSION = YES;
				CLANG_WARN_INT_CONVERSION = YES;
				CLANG_WARN_NON_LITERAL_NULL_CONVERSION = YES;
				CLANG_WARN_OBJC_IMPLICIT_RETAIN_SELF = YES;
				CLANG_WARN_OBJC_LITERAL_CONVERSION = YES;
				CLANG_WARN_OBJC_ROOT_CLASS = YES_ERROR;
				CLANG_WARN_QUOTED_INCLUDE_IN_FRAMEWORK_HEADER = YES;
				CLANG_WARN_RANGE_LOOP_ANALYSIS = YES;
				CLANG_WARN_STRICT_PROTOTYPES = YES;
				CLANG_WARN_SUSPICIOUS_MOVE = YES;
				CLANG_WARN_UNGUARDED_AVAILABILITY = YES_AGGRESSIVE;
				CLANG_WARN_UNREACHABLE_CODE = YES;
				CLANG_WARN__DUPLICATE_METHOD_MATCH = YES;
				COPY_PHASE_STRIP = NO;
				DEBUG_INFORMATION_FORMAT = "dwarf-with-dsym";
				ENABLE_NS_ASSERTIONS = NO;
				ENABLE_STRICT_OBJC_MSGSEND = YES;
				GCC_C_LANGUAGE_STANDARD = gnu11;
				GCC_NO_COMMON_BLOCKS = YES;
				GCC_WARN_64_TO_32_BIT_CONVERSION = YES;
				GCC_WARN_ABOUT_RETURN_TYPE = YES_ERROR;
				GCC_WARN_UNDECLARED_SELECTOR = YES;
				GCC_WARN_UNINITIALIZED_AUTOS = YES_AGGRESSIVE;
				GCC_WARN_UNUSED_FUNCTION = YES;
				GCC_WARN_UNUSED_VARIABLE = YES;
				IPHONEOS_DEPLOYMENT_TARGET = 15.5;
				MTL_ENABLE_DEBUG_INFO = NO;
				MTL_FAST_MATH = YES;
				SDKROOT = iphoneos;
				SWIFT_COMPILATION_MODE = wholemodule;
				SWIFT_OPTIMIZATION_LEVEL = "-O";
				VALIDATE_PRODUCT = YES;
			};
			name = Release;
		};
		9169B5B728D601F40099D849 /* Debug */ = {
			isa = XCBuildConfiguration;
			buildSettings = {
				ASSETCATALOG_COMPILER_APPICON_NAME = AppIcon;
				ASSETCATALOG_COMPILER_GLOBAL_ACCENT_COLOR_NAME = AccentColor;
				CODE_SIGN_STYLE = Automatic;
				CURRENT_PROJECT_VERSION = 1;
				DEVELOPMENT_ASSET_PATHS = "\"Travlr/Preview Content\"";
				DEVELOPMENT_TEAM = BF79P7TU4J;
				ENABLE_PREVIEWS = YES;
				GENERATE_INFOPLIST_FILE = YES;
				INFOPLIST_FILE = Travlr/Info.plist;
				INFOPLIST_KEY_UIApplicationSceneManifest_Generation = YES;
				INFOPLIST_KEY_UIApplicationSupportsIndirectInputEvents = YES;
				INFOPLIST_KEY_UILaunchScreen_Generation = YES;
				INFOPLIST_KEY_UISupportedInterfaceOrientations_iPad = "UIInterfaceOrientationPortrait UIInterfaceOrientationPortraitUpsideDown UIInterfaceOrientationLandscapeLeft UIInterfaceOrientationLandscapeRight";
				INFOPLIST_KEY_UISupportedInterfaceOrientations_iPhone = "UIInterfaceOrientationPortrait UIInterfaceOrientationLandscapeLeft UIInterfaceOrientationLandscapeRight";
				LD_RUNPATH_SEARCH_PATHS = (
					"$(inherited)",
					"@executable_path/Frameworks",
				);
				MARKETING_VERSION = 1.0;
				PRODUCT_BUNDLE_IDENTIFIER = com.IshnuSuresh.Travlr;
				PRODUCT_NAME = "$(TARGET_NAME)";
				SWIFT_EMIT_LOC_STRINGS = YES;
				SWIFT_VERSION = 5.0;
				TARGETED_DEVICE_FAMILY = "1,2";
			};
			name = Debug;
		};
		9169B5B828D601F40099D849 /* Release */ = {
			isa = XCBuildConfiguration;
			buildSettings = {
				ASSETCATALOG_COMPILER_APPICON_NAME = AppIcon;
				ASSETCATALOG_COMPILER_GLOBAL_ACCENT_COLOR_NAME = AccentColor;
				CODE_SIGN_STYLE = Automatic;
				CURRENT_PROJECT_VERSION = 1;
				DEVELOPMENT_ASSET_PATHS = "\"Travlr/Preview Content\"";
				DEVELOPMENT_TEAM = BF79P7TU4J;
				ENABLE_PREVIEWS = YES;
				GENERATE_INFOPLIST_FILE = YES;
				INFOPLIST_FILE = Travlr/Info.plist;
				INFOPLIST_KEY_UIApplicationSceneManifest_Generation = YES;
				INFOPLIST_KEY_UIApplicationSupportsIndirectInputEvents = YES;
				INFOPLIST_KEY_UILaunchScreen_Generation = YES;
				INFOPLIST_KEY_UISupportedInterfaceOrientations_iPad = "UIInterfaceOrientationPortrait UIInterfaceOrientationPortraitUpsideDown UIInterfaceOrientationLandscapeLeft UIInterfaceOrientationLandscapeRight";
				INFOPLIST_KEY_UISupportedInterfaceOrientations_iPhone = "UIInterfaceOrientationPortrait UIInterfaceOrientationLandscapeLeft UIInterfaceOrientationLandscapeRight";
				LD_RUNPATH_SEARCH_PATHS = (
					"$(inherited)",
					"@executable_path/Frameworks",
				);
				MARKETING_VERSION = 1.0;
				PRODUCT_BUNDLE_IDENTIFIER = com.IshnuSuresh.Travlr;
				PRODUCT_NAME = "$(TARGET_NAME)";
				SWIFT_EMIT_LOC_STRINGS = YES;
				SWIFT_VERSION = 5.0;
				TARGETED_DEVICE_FAMILY = "1,2";
			};
			name = Release;
		};
		9169B5BA28D601F40099D849 /* Debug */ = {
			isa = XCBuildConfiguration;
			buildSettings = {
				ALWAYS_EMBED_SWIFT_STANDARD_LIBRARIES = YES;
				BUNDLE_LOADER = "$(TEST_HOST)";
				CODE_SIGN_STYLE = Automatic;
				CURRENT_PROJECT_VERSION = 1;
				DEVELOPMENT_TEAM = BF79P7TU4J;
				GENERATE_INFOPLIST_FILE = YES;
				IPHONEOS_DEPLOYMENT_TARGET = 15.5;
				MARKETING_VERSION = 1.0;
				PRODUCT_BUNDLE_IDENTIFIER = com.IshnuSuresh.TravlrTests;
				PRODUCT_NAME = "$(TARGET_NAME)";
				SWIFT_EMIT_LOC_STRINGS = NO;
				SWIFT_VERSION = 5.0;
				TARGETED_DEVICE_FAMILY = "1,2";
				TEST_HOST = "$(BUILT_PRODUCTS_DIR)/Travlr.app/Travlr";
			};
			name = Debug;
		};
		9169B5BB28D601F40099D849 /* Release */ = {
			isa = XCBuildConfiguration;
			buildSettings = {
				ALWAYS_EMBED_SWIFT_STANDARD_LIBRARIES = YES;
				BUNDLE_LOADER = "$(TEST_HOST)";
				CODE_SIGN_STYLE = Automatic;
				CURRENT_PROJECT_VERSION = 1;
				DEVELOPMENT_TEAM = BF79P7TU4J;
				GENERATE_INFOPLIST_FILE = YES;
				IPHONEOS_DEPLOYMENT_TARGET = 15.5;
				MARKETING_VERSION = 1.0;
				PRODUCT_BUNDLE_IDENTIFIER = com.IshnuSuresh.TravlrTests;
				PRODUCT_NAME = "$(TARGET_NAME)";
				SWIFT_EMIT_LOC_STRINGS = NO;
				SWIFT_VERSION = 5.0;
				TARGETED_DEVICE_FAMILY = "1,2";
				TEST_HOST = "$(BUILT_PRODUCTS_DIR)/Travlr.app/Travlr";
			};
			name = Release;
		};
		9169B5BD28D601F40099D849 /* Debug */ = {
			isa = XCBuildConfiguration;
			buildSettings = {
				ALWAYS_EMBED_SWIFT_STANDARD_LIBRARIES = YES;
				CODE_SIGN_STYLE = Automatic;
				CURRENT_PROJECT_VERSION = 1;
				DEVELOPMENT_TEAM = BF79P7TU4J;
				GENERATE_INFOPLIST_FILE = YES;
				MARKETING_VERSION = 1.0;
				PRODUCT_BUNDLE_IDENTIFIER = com.IshnuSuresh.TravlrUITests;
				PRODUCT_NAME = "$(TARGET_NAME)";
				SWIFT_EMIT_LOC_STRINGS = NO;
				SWIFT_VERSION = 5.0;
				TARGETED_DEVICE_FAMILY = "1,2";
				TEST_TARGET_NAME = Travlr;
			};
			name = Debug;
		};
		9169B5BE28D601F40099D849 /* Release */ = {
			isa = XCBuildConfiguration;
			buildSettings = {
				ALWAYS_EMBED_SWIFT_STANDARD_LIBRARIES = YES;
				CODE_SIGN_STYLE = Automatic;
				CURRENT_PROJECT_VERSION = 1;
				DEVELOPMENT_TEAM = BF79P7TU4J;
				GENERATE_INFOPLIST_FILE = YES;
				MARKETING_VERSION = 1.0;
				PRODUCT_BUNDLE_IDENTIFIER = com.IshnuSuresh.TravlrUITests;
				PRODUCT_NAME = "$(TARGET_NAME)";
				SWIFT_EMIT_LOC_STRINGS = NO;
				SWIFT_VERSION = 5.0;
				TARGETED_DEVICE_FAMILY = "1,2";
				TEST_TARGET_NAME = Travlr;
			};
			name = Release;
		};
/* End XCBuildConfiguration section */

/* Begin XCConfigurationList section */
		9169B58D28D601F00099D849 /* Build configuration list for PBXProject "Travlr" */ = {
			isa = XCConfigurationList;
			buildConfigurations = (
				9169B5B428D601F40099D849 /* Debug */,
				9169B5B528D601F40099D849 /* Release */,
			);
			defaultConfigurationIsVisible = 0;
			defaultConfigurationName = Release;
		};
		9169B5B628D601F40099D849 /* Build configuration list for PBXNativeTarget "Travlr" */ = {
			isa = XCConfigurationList;
			buildConfigurations = (
				9169B5B728D601F40099D849 /* Debug */,
				9169B5B828D601F40099D849 /* Release */,
			);
			defaultConfigurationIsVisible = 0;
			defaultConfigurationName = Release;
		};
		9169B5B928D601F40099D849 /* Build configuration list for PBXNativeTarget "TravlrTests" */ = {
			isa = XCConfigurationList;
			buildConfigurations = (
				9169B5BA28D601F40099D849 /* Debug */,
				9169B5BB28D601F40099D849 /* Release */,
			);
			defaultConfigurationIsVisible = 0;
			defaultConfigurationName = Release;
		};
		9169B5BC28D601F40099D849 /* Build configuration list for PBXNativeTarget "TravlrUITests" */ = {
			isa = XCConfigurationList;
			buildConfigurations = (
				9169B5BD28D601F40099D849 /* Debug */,
				9169B5BE28D601F40099D849 /* Release */,
			);
			defaultConfigurationIsVisible = 0;
			defaultConfigurationName = Release;
		};
/* End XCConfigurationList section */

/* Begin XCRemoteSwiftPackageReference section */
		913493E228D6EF230085E9F5 /* XCRemoteSwiftPackageReference "firebase-ios-sdk" */ = {
			isa = XCRemoteSwiftPackageReference;
			repositoryURL = "https://github.com/firebase/firebase-ios-sdk.git";
			requirement = {
				branch = master;
				kind = branch;
			};
		};
/* End XCRemoteSwiftPackageReference section */

/* Begin XCSwiftPackageProductDependency section */
		913493E328D6EF230085E9F5 /* FirebaseAuth */ = {
			isa = XCSwiftPackageProductDependency;
			package = 913493E228D6EF230085E9F5 /* XCRemoteSwiftPackageReference "firebase-ios-sdk" */;
			productName = FirebaseAuth;
		};
		913493E528D6EF230085E9F5 /* FirebaseAuthCombine-Community */ = {
			isa = XCSwiftPackageProductDependency;
			package = 913493E228D6EF230085E9F5 /* XCRemoteSwiftPackageReference "firebase-ios-sdk" */;
			productName = "FirebaseAuthCombine-Community";
		};
		913493E728D6EF230085E9F5 /* FirebaseDatabase */ = {
			isa = XCSwiftPackageProductDependency;
			package = 913493E228D6EF230085E9F5 /* XCRemoteSwiftPackageReference "firebase-ios-sdk" */;
			productName = FirebaseDatabase;
		};
		913493E928D6EF230085E9F5 /* FirebaseDatabaseSwift */ = {
			isa = XCSwiftPackageProductDependency;
			package = 913493E228D6EF230085E9F5 /* XCRemoteSwiftPackageReference "firebase-ios-sdk" */;
			productName = FirebaseDatabaseSwift;
		};
		913493EB28D6EF230085E9F5 /* FirebaseFirestore */ = {
			isa = XCSwiftPackageProductDependency;
			package = 913493E228D6EF230085E9F5 /* XCRemoteSwiftPackageReference "firebase-ios-sdk" */;
			productName = FirebaseFirestore;
		};
		913493ED28D6EF230085E9F5 /* FirebaseFirestoreCombine-Community */ = {
			isa = XCSwiftPackageProductDependency;
			package = 913493E228D6EF230085E9F5 /* XCRemoteSwiftPackageReference "firebase-ios-sdk" */;
			productName = "FirebaseFirestoreCombine-Community";
		};
		913493EF28D6EF230085E9F5 /* FirebaseFirestoreSwift */ = {
			isa = XCSwiftPackageProductDependency;
			package = 913493E228D6EF230085E9F5 /* XCRemoteSwiftPackageReference "firebase-ios-sdk" */;
			productName = FirebaseFirestoreSwift;
		};
/* End XCSwiftPackageProductDependency section */
	};
	rootObject = 9169B58A28D601F00099D849 /* Project object */;
}
